
Microsoft Visual Studio Solution File, Format Version 12.00
# Visual Studio for Mac
Project("{FAE04EC0-301F-11D3-BF4B-00C04F79EFBC}") = "Assembly-CSharp", "Assembly-CSharp.csproj", "{431EBCEB-9C6F-1464-E351-4A678E260697}"
EndProject
Project("{FAE04EC0-301F-11D3-BF4B-00C04F79EFBC}") = "Unity.Recorder", "Unity.Recorder.csproj", "{4B2A92CA-E261-25A5-35CE-A68891AFB745}"
EndProject
Project("{FAE04EC0-301F-11D3-BF4B-00C04F79EFBC}") = "MacBLAS", "MacBLAS.csproj", "{9D92D103-B921-3F0C-8B66-3377BE2B4FB7}"
EndProject
Project("{FAE04EC0-301F-11D3-BF4B-00C04F79EFBC}") = "iOSBLAS", "iOSBLAS.csproj", "{EC75D93B-CC8E-788D-7713-7A17543B68E1}"
EndProject
Project("{FAE04EC0-301F-11D3-BF4B-00C04F79EFBC}") = "Unity.Recorder.Samples", "Unity.Recorder.Samples.csproj", "{5E05F764-4A7A-6615-F641-1CE00C91DB9B}"
EndProject
Project("{FAE04EC0-301F-11D3-BF4B-00C04F79EFBC}") = "Unity.Recorder.Editor", "Unity.Recorder.Editor.csproj", "{ECC57E46-A44B-3130-E226-F3DB6F502C8D}"
EndProject
Project("{FAE04EC0-301F-11D3-BF4B-00C04F79EFBC}") = "Assembly-CSharp-Editor", "Assembly-CSharp-Editor.csproj", "{4D9E37D6-D1A2-69FC-7959-0D3E558938E1}"
EndProject
Global
	GlobalSection(SolutionConfigurationPlatforms) = preSolution
		Debug|Any CPU = Debug|Any CPU
		Release|Any CPU = Release|Any CPU
	EndGlobalSection
	GlobalSection(ProjectConfigurationPlatforms) = postSolution
		{431EBCEB-9C6F-1464-E351-4A678E260697}.Debug|Any CPU.ActiveCfg = Debug|Any CPU
		{431EBCEB-9C6F-1464-E351-4A678E260697}.Debug|Any CPU.Build.0 = Debug|Any CPU
		{431EBCEB-9C6F-1464-E351-4A678E260697}.Release|Any CPU.ActiveCfg = Release|Any CPU
		{431EBCEB-9C6F-1464-E351-4A678E260697}.Release|Any CPU.Build.0 = Release|Any CPU
		{4B2A92CA-E261-25A5-35CE-A68891AFB745}.Debug|Any CPU.ActiveCfg = Debug|Any CPU
		{4B2A92CA-E261-25A5-35CE-A68891AFB745}.Debug|Any CPU.Build.0 = Debug|Any CPU
		{4B2A92CA-E261-25A5-35CE-A68891AFB745}.Release|Any CPU.ActiveCfg = Release|Any CPU
		{4B2A92CA-E261-25A5-35CE-A68891AFB745}.Release|Any CPU.Build.0 = Release|Any CPU
		{9D92D103-B921-3F0C-8B66-3377BE2B4FB7}.Debug|Any CPU.ActiveCfg = Debug|Any CPU
		{9D92D103-B921-3F0C-8B66-3377BE2B4FB7}.Debug|Any CPU.Build.0 = Debug|Any CPU
		{9D92D103-B921-3F0C-8B66-3377BE2B4FB7}.Release|Any CPU.ActiveCfg = Release|Any CPU
		{9D92D103-B921-3F0C-8B66-3377BE2B4FB7}.Release|Any CPU.Build.0 = Release|Any CPU
		{EC75D93B-CC8E-788D-7713-7A17543B68E1}.Debug|Any CPU.ActiveCfg = Debug|Any CPU
		{EC75D93B-CC8E-788D-7713-7A17543B68E1}.Debug|Any CPU.Build.0 = Debug|Any CPU
		{EC75D93B-CC8E-788D-7713-7A17543B68E1}.Release|Any CPU.ActiveCfg = Release|Any CPU
		{EC75D93B-CC8E-788D-7713-7A17543B68E1}.Release|Any CPU.Build.0 = Release|Any CPU
		{5E05F764-4A7A-6615-F641-1CE00C91DB9B}.Debug|Any CPU.ActiveCfg = Debug|Any CPU
		{5E05F764-4A7A-6615-F641-1CE00C91DB9B}.Debug|Any CPU.Build.0 = Debug|Any CPU
		{5E05F764-4A7A-6615-F641-1CE00C91DB9B}.Release|Any CPU.ActiveCfg = Release|Any CPU
		{5E05F764-4A7A-6615-F641-1CE00C91DB9B}.Release|Any CPU.Build.0 = Release|Any CPU
		{ECC57E46-A44B-3130-E226-F3DB6F502C8D}.Debug|Any CPU.ActiveCfg = Debug|Any CPU
		{ECC57E46-A44B-3130-E226-F3DB6F502C8D}.Debug|Any CPU.Build.0 = Debug|Any CPU
		{ECC57E46-A44B-3130-E226-F3DB6F502C8D}.Release|Any CPU.ActiveCfg = Release|Any CPU
		{ECC57E46-A44B-3130-E226-F3DB6F502C8D}.Release|Any CPU.Build.0 = Release|Any CPU
		{4D9E37D6-D1A2-69FC-7959-0D3E558938E1}.Debug|Any CPU.ActiveCfg = Debug|Any CPU
		{4D9E37D6-D1A2-69FC-7959-0D3E558938E1}.Debug|Any CPU.Build.0 = Debug|Any CPU
		{4D9E37D6-D1A2-69FC-7959-0D3E558938E1}.Release|Any CPU.ActiveCfg = Release|Any CPU
		{4D9E37D6-D1A2-69FC-7959-0D3E558938E1}.Release|Any CPU.Build.0 = Release|Any CPU
	EndGlobalSection
	GlobalSection(SolutionProperties) = preSolution
		HideSolutionNode = FALSE
	EndGlobalSection
EndGlobal
